
Microsoft Visual Studio Solution File, Format Version 12.00
# Visual Studio Version 16
VisualStudioVersion = 16.0.29326.143
MinimumVisualStudioVersion = 10.0.40219.1
Project("{FAE04EC0-301F-11D3-BF4B-00C04F79EFBC}") = "3_file", "3_file.csproj", "{08E152A2-0A0C-4AA9-A81E-401AB47C6A8D}"
EndProject
Global
	GlobalSection(SolutionConfigurationPlatforms) = preSolution
		Debug|Any CPU = Debug|Any CPU
		Release|Any CPU = Release|Any CPU
	EndGlobalSection
	GlobalSection(ProjectConfigurationPlatforms) = postSolution
		{08E152A2-0A0C-4AA9-A81E-401AB47C6A8D}.Debug|Any CPU.ActiveCfg = Debug|Any CPU
		{08E152A2-0A0C-4AA9-A81E-401AB47C6A8D}.Debug|Any CPU.Build.0 = Debug|Any CPU
		{08E152A2-0A0C-4AA9-A81E-401AB47C6A8D}.Release|Any CPU.ActiveCfg = Release|Any CPU
		{08E152A2-0A0C-4AA9-A81E-401AB47C6A8D}.Release|Any CPU.Build.0 = Release|Any CPU
	EndGlobalSection
	GlobalSection(SolutionProperties) = preSolution
		HideSolutionNode = FALSE
	EndGlobalSection
	GlobalSection(ExtensibilityGlobals) = postSolution
		SolutionGuid = {2CC08AE0-4E82-4435-A657-037F98CA4F13}
	EndGlobalSection
EndGlobal
